
Microsoft Visual Studio Solution File, Format Version 12.00
# Visual Studio 2012
Project("{FAE04EC0-301F-11D3-BF4B-00C04F79EFBC}") = "SC.WebSite", "SC.WebSite\SC.WebSite.csproj", "{855997AB-6FA0-4AC4-84D7-C02A72191A0D}"
EndProject
Project("{FAE04EC0-301F-11D3-BF4B-00C04F79EFBC}") = "SC.Logic", "SC.Logic\SC.Logic.csproj", "{93E00AE4-44BB-40B1-8F6E-A31A2F05A855}"
EndProject
Project("{FAE04EC0-301F-11D3-BF4B-00C04F79EFBC}") = "SC.Business", "SC.Business\SC.Business.csproj", "{A5823CEF-2D49-46CF-A01C-406B7FBC0737}"
EndProject
Project("{FAE04EC0-301F-11D3-BF4B-00C04F79EFBC}") = "SC.Data", "SC.Data\SC.Data.csproj", "{8FBDDC4D-DEDD-4EF0-B78E-36F43C79404A}"
EndProject
Project("{FAE04EC0-301F-11D3-BF4B-00C04F79EFBC}") = "SC.Data.SqlClient", "SC.Data.SqlClient\SC.Data.SqlClient.csproj", "{E232CC8D-1D61-4E73-823A-244DBCBACE03}"
EndProject
Global
	GlobalSection(SolutionConfigurationPlatforms) = preSolution
		Debug|Any CPU = Debug|Any CPU
		Release|Any CPU = Release|Any CPU
	EndGlobalSection
	GlobalSection(ProjectConfigurationPlatforms) = postSolution
		{855997AB-6FA0-4AC4-84D7-C02A72191A0D}.Debug|Any CPU.ActiveCfg = Debug|Any CPU
		{855997AB-6FA0-4AC4-84D7-C02A72191A0D}.Debug|Any CPU.Build.0 = Debug|Any CPU
		{855997AB-6FA0-4AC4-84D7-C02A72191A0D}.Release|Any CPU.ActiveCfg = Release|Any CPU
		{855997AB-6FA0-4AC4-84D7-C02A72191A0D}.Release|Any CPU.Build.0 = Release|Any CPU
		{93E00AE4-44BB-40B1-8F6E-A31A2F05A855}.Debug|Any CPU.ActiveCfg = Debug|Any CPU
		{93E00AE4-44BB-40B1-8F6E-A31A2F05A855}.Debug|Any CPU.Build.0 = Debug|Any CPU
		{93E00AE4-44BB-40B1-8F6E-A31A2F05A855}.Release|Any CPU.ActiveCfg = Release|Any CPU
		{93E00AE4-44BB-40B1-8F6E-A31A2F05A855}.Release|Any CPU.Build.0 = Release|Any CPU
		{A5823CEF-2D49-46CF-A01C-406B7FBC0737}.Debug|Any CPU.ActiveCfg = Debug|Any CPU
		{A5823CEF-2D49-46CF-A01C-406B7FBC0737}.Debug|Any CPU.Build.0 = Debug|Any CPU
		{A5823CEF-2D49-46CF-A01C-406B7FBC0737}.Release|Any CPU.ActiveCfg = Release|Any CPU
		{A5823CEF-2D49-46CF-A01C-406B7FBC0737}.Release|Any CPU.Build.0 = Release|Any CPU
		{8FBDDC4D-DEDD-4EF0-B78E-36F43C79404A}.Debug|Any CPU.ActiveCfg = Debug|Any CPU
		{8FBDDC4D-DEDD-4EF0-B78E-36F43C79404A}.Debug|Any CPU.Build.0 = Debug|Any CPU
		{8FBDDC4D-DEDD-4EF0-B78E-36F43C79404A}.Release|Any CPU.ActiveCfg = Release|Any CPU
		{8FBDDC4D-DEDD-4EF0-B78E-36F43C79404A}.Release|Any CPU.Build.0 = Release|Any CPU
		{E232CC8D-1D61-4E73-823A-244DBCBACE03}.Debug|Any CPU.ActiveCfg = Debug|Any CPU
		{E232CC8D-1D61-4E73-823A-244DBCBACE03}.Debug|Any CPU.Build.0 = Debug|Any CPU
		{E232CC8D-1D61-4E73-823A-244DBCBACE03}.Release|Any CPU.ActiveCfg = Release|Any CPU
		{E232CC8D-1D61-4E73-823A-244DBCBACE03}.Release|Any CPU.Build.0 = Release|Any CPU
	EndGlobalSection
	GlobalSection(SolutionProperties) = preSolution
		HideSolutionNode = FALSE
	EndGlobalSection
EndGlobal
